<?xml version="1.0" encoding="utf-8"?>
<Project ToolsVersion="4.0" xmlns="http://schemas.microsoft.com/developer/msbuild/2003">
  <ItemGroup>
    <Filter Include="Application">
      <UniqueIdentifier>{5bba4d2a-2d63-4643-819e-9813c5a102e4}</UniqueIdentifier>
    </Filter>
    <Filter Include="Main">
      <UniqueIdentifier>{60513f27-d2a4-4e81-a326-7ba566b89d76}</UniqueIdentifier>
    </Filter>
    <Filter Include="Engine">
      <UniqueIdentifier>{5b0b5f3d-c102-4f47-bf60-1d359ec37040}</UniqueIdentifier>
    </Filter>
    <Filter Include="Engine\Graphics">
      <UniqueIdentifier>{c2cfd11c-706d-4ddf-b345-ee1c64b5b0c6}</UniqueIdentifier>
    </Filter>
    <Filter Include="Engine\Graphics\Vulkan">
      <UniqueIdentifier>{fc9b5b2e-9be3-4326-94e0-e08df83cb175}</UniqueIdentifier>
    </Filter>
    <Filter Include="Engine\Window">
      <UniqueIdentifier>{4ac49a95-4846-47c6-bbbc-20eb6be6e017}</UniqueIdentifier>
    </Filter>
    <Filter Include="Common">
      <UniqueIdentifier>{622c90ad-7f6d-492c-97b7-4fc341d2855b}</UniqueIdentifier>
    </Filter>
    <Filter Include="Engine\IO">
      <UniqueIdentifier>{e20e5bb8-3130-40c4-8bda-8830c7b3081c}</UniqueIdentifier>
    </Filter>
    <Filter Include="Application\State">
      <UniqueIdentifier>{acb1eaca-7010-4087-b1e0-c8602c38307b}</UniqueIdentifier>
    </Filter>
    <Filter Include="Engine\Object">
      <UniqueIdentifier>{3a279535-3151-4d0c-b3a4-29867942444f}</UniqueIdentifier>
    </Filter>
    <Filter Include="Engine\Graphics\Shader">
      <UniqueIdentifier>{0db78442-90b1-48a0-b641-e71872b6b3c9}</UniqueIdentifier>
    </Filter>
    <Filter Include="Engine\Graphics\Shader\Source">
      <UniqueIdentifier>{0bcb2317-1883-4e3b-8580-43dabcca441d}</UniqueIdentifier>
    </Filter>
    <Filter Include="Engine\Graphics\Material">
      <UniqueIdentifier>{301f54bb-5601-441d-981b-7da761cdbe40}</UniqueIdentifier>
    </Filter>
  </ItemGroup>
  <ItemGroup>
    <ClInclude Include="stdafx.h">
      <Filter>Main</Filter>
    </ClInclude>
    <ClInclude Include="VulkanAPI.h">
      <Filter>Engine\Graphics\Vulkan</Filter>
    </ClInclude>
    <ClInclude Include="GameEngine.h">
      <Filter>Engine</Filter>
    </ClInclude>
    <ClInclude Include="WindowSystem.h">
      <Filter>Engine\Window</Filter>
    </ClInclude>
    <ClInclude Include="Context.h">
      <Filter>Engine\Graphics\Vulkan</Filter>
    </ClInclude>
    <ClInclude Include="Swapchain.h">
      <Filter>Engine\Graphics\Vulkan</Filter>
    </ClInclude>
    <ClInclude Include="CommonUtils.h">
      <Filter>Common</Filter>
    </ClInclude>
    <ClInclude Include="GraphicsSystem.h">
      <Filter>Engine\Graphics</Filter>
    </ClInclude>
    <ClInclude Include="FileSystem.h">
      <Filter>Engine\IO</Filter>
    </ClInclude>
    <ClInclude Include="MeshObject.h">
      <Filter>Engine\Object</Filter>
    </ClInclude>
    <ClInclude Include="MathUtils.h">
      <Filter>Common</Filter>
    </ClInclude>
    <ClInclude Include="Logging.h">
      <Filter>Common</Filter>
    </ClInclude>
    <ClInclude Include="Transform.h">
      <Filter>Engine\Object</Filter>
    </ClInclude>
    <ClInclude Include="Camera.h">
      <Filter>Engine\Object</Filter>
    </ClInclude>
    <ClInclude Include="Application.h">
      <Filter>Application</Filter>
    </ClInclude>
    <ClInclude Include="AbstractApplicationState.h">
      <Filter>Application\State</Filter>
    </ClInclude>
    <ClInclude Include="WorldApplicationState.h">
      <Filter>Application\State</Filter>
    </ClInclude>
    <ClInclude Include="ShaderSystem.h">
      <Filter>Engine\Graphics\Shader</Filter>
    </ClInclude>
    <ClInclude Include="ColoredMaterial.h">
      <Filter>Engine\Graphics\Material</Filter>
    </ClInclude>
    <ClInclude Include="BaseGraphicsPipeline.h">
      <Filter>Engine\Graphics\Vulkan</Filter>
    </ClInclude>
  </ItemGroup>
  <ItemGroup>
    <ClCompile Include="main.cpp">
      <Filter>Main</Filter>
    </ClCompile>
    <ClCompile Include="GameEngine.cpp">
      <Filter>Engine</Filter>
    </ClCompile>
    <ClCompile Include="WindowSystem.cpp">
      <Filter>Engine\Window</Filter>
    </ClCompile>
    <ClCompile Include="Context.cpp">
      <Filter>Engine\Graphics\Vulkan</Filter>
    </ClCompile>
    <ClCompile Include="VulkanAPI.cpp">
      <Filter>Engine\Graphics\Vulkan</Filter>
    </ClCompile>
    <ClCompile Include="Swapchain.cpp">
      <Filter>Engine\Graphics\Vulkan</Filter>
    </ClCompile>
    <ClCompile Include="CommonUtils.cpp">
      <Filter>Common</Filter>
    </ClCompile>
    <ClCompile Include="GraphicsSystem.cpp">
      <Filter>Engine\Graphics</Filter>
    </ClCompile>
    <ClCompile Include="FileSystem.cpp">
      <Filter>Engine\IO</Filter>
    </ClCompile>
    <ClCompile Include="MeshObject.cpp">
      <Filter>Engine\Object</Filter>
    </ClCompile>
    <ClCompile Include="stdafx.cpp">
      <Filter>Main</Filter>
    </ClCompile>
    <ClCompile Include="Logging.cpp">
      <Filter>Common</Filter>
    </ClCompile>
    <ClCompile Include="Transform.cpp">
      <Filter>Engine\Object</Filter>
    </ClCompile>
    <ClCompile Include="Camera.cpp">
      <Filter>Engine\Object</Filter>
    </ClCompile>
    <ClCompile Include="Application.cpp">
      <Filter>Application</Filter>
    </ClCompile>
    <ClCompile Include="AbstractApplicationState.cpp">
      <Filter>Application\State</Filter>
    </ClCompile>
    <ClCompile Include="WorldApplicationState.cpp">
      <Filter>Application\State</Filter>
    </ClCompile>
    <ClCompile Include="ShaderSystem.cpp">
      <Filter>Engine\Graphics\Shader</Filter>
    </ClCompile>
    <ClCompile Include="ColoredMaterial.cpp">
      <Filter>Engine\Graphics\Material</Filter>
    </ClCompile>
    <ClCompile Include="BaseGraphicsPipeline.cpp">
      <Filter>Engine\Graphics\Vulkan</Filter>
    </ClCompile>
  </ItemGroup>
  <ItemGroup>
    <None Include="..\assets\shader\Colored.frag">
      <Filter>Engine\Graphics\Shader\Source</Filter>
    </None>
    <None Include="..\assets\shader\Colored.vert">
      <Filter>Engine\Graphics\Shader\Source</Filter>
    </None>
  </ItemGroup>
</Project>